
Microsoft Visual Studio Solution File, Format Version 12.00
# Visual Studio Version 16
VisualStudioVersion = 16.0.30523.141
MinimumVisualStudioVersion = 10.0.40219.1
Project("{9A19103F-16F7-4668-BE54-9A1E7A4F7556}") = "QuickFrame.Web", "QuickFrame.Web\QuickFrame.Web.csproj", "{8AECD468-ED36-43F4-86CD-8C043377BCFF}"
EndProject
Project("{9A19103F-16F7-4668-BE54-9A1E7A4F7556}") = "QuickFrame.Common", "QuickFrame.Common\QuickFrame.Common.csproj", "{86070046-0586-4EEE-BF7D-56639601E2FC}"
EndProject
Project("{9A19103F-16F7-4668-BE54-9A1E7A4F7556}") = "QuickFrame.Services", "QuickFrame.Services\QuickFrame.Services.csproj", "{602A123F-A987-4106-9B05-6E8DAA210287}"
EndProject
Project("{9A19103F-16F7-4668-BE54-9A1E7A4F7556}") = "QuickFrame.Models", "QuickFrame.Models\QuickFrame.Models.csproj", "{C862FEA3-1125-45A1-A2F3-ED356FFE1FF7}"
EndProject
Project("{9A19103F-16F7-4668-BE54-9A1E7A4F7556}") = "QuickFrame.Repositorys", "QuickFrame.Repositorys\QuickFrame.Repositorys.csproj", "{FAE4BDFB-91BF-49DD-8D17-C09EAA152F50}"
EndProject
Project("{9A19103F-16F7-4668-BE54-9A1E7A4F7556}") = "QuickFrame.Tests", "QuickFrame.Tests\QuickFrame.Tests.csproj", "{86C41806-CBD2-4AC0-AAA3-9196F036AA1D}"
EndProject
Project("{9A19103F-16F7-4668-BE54-9A1E7A4F7556}") = "QuickFrame.Controllers", "QuickFrame.Controllers\QuickFrame.Controllers.csproj", "{9CDE6887-09DE-4DC7-A052-F0AFCE4B775D}"
EndProject
Project("{9A19103F-16F7-4668-BE54-9A1E7A4F7556}") = "QuickFrame.IServices", "QuickFrame.IServices\QuickFrame.IServices.csproj", "{3857325F-109C-461C-BF5B-6596455E2774}"
EndProject
Project("{FAE04EC0-301F-11D3-BF4B-00C04F79EFBC}") = "QuickFrame.Extensions", "QuickFrame.Extensions\QuickFrame.Extensions.csproj", "{CE4A9D2F-51B6-417A-B72E-12E0AB23A6FA}"
EndProject
Project("{FAE04EC0-301F-11D3-BF4B-00C04F79EFBC}") = "QuickFrame.EventBus", "QuickFrame.EventBus\QuickFrame.EventBus.csproj", "{107DFE39-DD94-4BBB-B927-3E56B4BF0C28}"
EndProject
Global
	GlobalSection(SolutionConfigurationPlatforms) = preSolution
		Debug|Any CPU = Debug|Any CPU
		Release|Any CPU = Release|Any CPU
	EndGlobalSection
	GlobalSection(ProjectConfigurationPlatforms) = postSolution
		{8AECD468-ED36-43F4-86CD-8C043377BCFF}.Debug|Any CPU.ActiveCfg = Debug|Any CPU
		{8AECD468-ED36-43F4-86CD-8C043377BCFF}.Debug|Any CPU.Build.0 = Debug|Any CPU
		{8AECD468-ED36-43F4-86CD-8C043377BCFF}.Release|Any CPU.ActiveCfg = Release|Any CPU
		{8AECD468-ED36-43F4-86CD-8C043377BCFF}.Release|Any CPU.Build.0 = Release|Any CPU
		{86070046-0586-4EEE-BF7D-56639601E2FC}.Debug|Any CPU.ActiveCfg = Debug|Any CPU
		{86070046-0586-4EEE-BF7D-56639601E2FC}.Debug|Any CPU.Build.0 = Debug|Any CPU
		{86070046-0586-4EEE-BF7D-56639601E2FC}.Release|Any CPU.ActiveCfg = Release|Any CPU
		{86070046-0586-4EEE-BF7D-56639601E2FC}.Release|Any CPU.Build.0 = Release|Any CPU
		{602A123F-A987-4106-9B05-6E8DAA210287}.Debug|Any CPU.ActiveCfg = Debug|Any CPU
		{602A123F-A987-4106-9B05-6E8DAA210287}.Debug|Any CPU.Build.0 = Debug|Any CPU
		{602A123F-A987-4106-9B05-6E8DAA210287}.Release|Any CPU.ActiveCfg = Release|Any CPU
		{602A123F-A987-4106-9B05-6E8DAA210287}.Release|Any CPU.Build.0 = Release|Any CPU
		{C862FEA3-1125-45A1-A2F3-ED356FFE1FF7}.Debug|Any CPU.ActiveCfg = Debug|Any CPU
		{C862FEA3-1125-45A1-A2F3-ED356FFE1FF7}.Debug|Any CPU.Build.0 = Debug|Any CPU
		{C862FEA3-1125-45A1-A2F3-ED356FFE1FF7}.Release|Any CPU.ActiveCfg = Release|Any CPU
		{C862FEA3-1125-45A1-A2F3-ED356FFE1FF7}.Release|Any CPU.Build.0 = Release|Any CPU
		{FAE4BDFB-91BF-49DD-8D17-C09EAA152F50}.Debug|Any CPU.ActiveCfg = Debug|Any CPU
		{FAE4BDFB-91BF-49DD-8D17-C09EAA152F50}.Debug|Any CPU.Build.0 = Debug|Any CPU
		{FAE4BDFB-91BF-49DD-8D17-C09EAA152F50}.Release|Any CPU.ActiveCfg = Release|Any CPU
		{FAE4BDFB-91BF-49DD-8D17-C09EAA152F50}.Release|Any CPU.Build.0 = Release|Any CPU
		{86C41806-CBD2-4AC0-AAA3-9196F036AA1D}.Debug|Any CPU.ActiveCfg = Debug|Any CPU
		{86C41806-CBD2-4AC0-AAA3-9196F036AA1D}.Debug|Any CPU.Build.0 = Debug|Any CPU
		{86C41806-CBD2-4AC0-AAA3-9196F036AA1D}.Release|Any CPU.ActiveCfg = Release|Any CPU
		{86C41806-CBD2-4AC0-AAA3-9196F036AA1D}.Release|Any CPU.Build.0 = Release|Any CPU
		{9CDE6887-09DE-4DC7-A052-F0AFCE4B775D}.Debug|Any CPU.ActiveCfg = Debug|Any CPU
		{9CDE6887-09DE-4DC7-A052-F0AFCE4B775D}.Debug|Any CPU.Build.0 = Debug|Any CPU
		{9CDE6887-09DE-4DC7-A052-F0AFCE4B775D}.Release|Any CPU.ActiveCfg = Release|Any CPU
		{9CDE6887-09DE-4DC7-A052-F0AFCE4B775D}.Release|Any CPU.Build.0 = Release|Any CPU
		{3857325F-109C-461C-BF5B-6596455E2774}.Debug|Any CPU.ActiveCfg = Debug|Any CPU
		{3857325F-109C-461C-BF5B-6596455E2774}.Debug|Any CPU.Build.0 = Debug|Any CPU
		{3857325F-109C-461C-BF5B-6596455E2774}.Release|Any CPU.ActiveCfg = Release|Any CPU
		{3857325F-109C-461C-BF5B-6596455E2774}.Release|Any CPU.Build.0 = Release|Any CPU
		{CE4A9D2F-51B6-417A-B72E-12E0AB23A6FA}.Debug|Any CPU.ActiveCfg = Debug|Any CPU
		{CE4A9D2F-51B6-417A-B72E-12E0AB23A6FA}.Debug|Any CPU.Build.0 = Debug|Any CPU
		{CE4A9D2F-51B6-417A-B72E-12E0AB23A6FA}.Release|Any CPU.ActiveCfg = Release|Any CPU
		{CE4A9D2F-51B6-417A-B72E-12E0AB23A6FA}.Release|Any CPU.Build.0 = Release|Any CPU
		{107DFE39-DD94-4BBB-B927-3E56B4BF0C28}.Debug|Any CPU.ActiveCfg = Debug|Any CPU
		{107DFE39-DD94-4BBB-B927-3E56B4BF0C28}.Debug|Any CPU.Build.0 = Debug|Any CPU
		{107DFE39-DD94-4BBB-B927-3E56B4BF0C28}.Release|Any CPU.ActiveCfg = Release|Any CPU
		{107DFE39-DD94-4BBB-B927-3E56B4BF0C28}.Release|Any CPU.Build.0 = Release|Any CPU
	EndGlobalSection
	GlobalSection(SolutionProperties) = preSolution
		HideSolutionNode = FALSE
	EndGlobalSection
	GlobalSection(ExtensibilityGlobals) = postSolution
		SolutionGuid = {4ADED8A3-CA49-4EF1-9578-F0F72E3141DC}
	EndGlobalSection
EndGlobal
